
Microsoft Visual Studio Solution File, Format Version 12.00
# Visual Studio Version 16
VisualStudioVersion = 16.0.808.4
MinimumVisualStudioVersion = 10.0.40219.1
Project("{FAE04EC0-301F-11D3-BF4B-00C04F79EFBC}") = "Teste.Api", "Teste.Api\Teste.Api.csproj", "{D2D4548E-4294-4513-B28D-07E9B83D6E57}"
EndProject
Global
	GlobalSection(SolutionConfigurationPlatforms) = preSolution
		Debug|anycpu = Debug|anycpu
		Release|anycpu = Release|anycpu
	EndGlobalSection
	GlobalSection(ProjectConfigurationPlatforms) = postSolution
		{D2D4548E-4294-4513-B28D-07E9B83D6E57}.Debug|anycpu.ActiveCfg = Debug|anycpu
		{D2D4548E-4294-4513-B28D-07E9B83D6E57}.Debug|anycpu.Build.0 = Debug|anycpu
		{D2D4548E-4294-4513-B28D-07E9B83D6E57}.Release|anycpu.ActiveCfg = Release|anycpu
		{D2D4548E-4294-4513-B28D-07E9B83D6E57}.Release|anycpu.Build.0 = Release|anycpu
	EndGlobalSection
	GlobalSection(SolutionProperties) = preSolution
		HideSolutionNode = FALSE
	EndGlobalSection
	GlobalSection(ExtensibilityGlobals) = postSolution
		SolutionGuid = {7B6B7892-7037-4007-8C4B-C4125197FEE5}
	EndGlobalSection
EndGlobal
